
Microsoft Visual Studio Solution File, Format Version 12.00
# Visual Studio Version 17
VisualStudioVersion = 17.11.35222.181
MinimumVisualStudioVersion = 10.0.40219.1
Project("{8BC9CEB8-8B4A-11D0-8D11-00A0C91BC942}") = "拼图项目", "拼图项目.vcxproj", "{438B896C-18C1-48A4-A393-EBC995E2F0BA}"
EndProject
Project("{2150E333-8FDC-42A3-9474-1A3956D46DE8}") = "Solution Items", "Solution Items", "{BACE35ED-6A8D-4E53-8460-FDE804D065B9}"
EndProject
Project("{54435603-DBB4-11D2-8724-00A0C9A8B90C}") = "Setup1", "..\Setup1\Setup1.vdproj", "{1A1E5A5A-9588-415C-8BF3-1EC349B3B2FA}"
EndProject
Global
	GlobalSection(SolutionConfigurationPlatforms) = preSolution
		Debug|x64 = Debug|x64
		Debug|x86 = Debug|x86
		Release|x64 = Release|x64
		Release|x86 = Release|x86
	EndGlobalSection
	GlobalSection(ProjectConfigurationPlatforms) = postSolution
		{438B896C-18C1-48A4-A393-EBC995E2F0BA}.Debug|x64.ActiveCfg = Debug|x64
		{438B896C-18C1-48A4-A393-EBC995E2F0BA}.Debug|x64.Build.0 = Debug|x64
		{438B896C-18C1-48A4-A393-EBC995E2F0BA}.Debug|x86.ActiveCfg = Debug|Win32
		{438B896C-18C1-48A4-A393-EBC995E2F0BA}.Debug|x86.Build.0 = Debug|Win32
		{438B896C-18C1-48A4-A393-EBC995E2F0BA}.Release|x64.ActiveCfg = Release|x64
		{438B896C-18C1-48A4-A393-EBC995E2F0BA}.Release|x64.Build.0 = Release|x64
		{438B896C-18C1-48A4-A393-EBC995E2F0BA}.Release|x86.ActiveCfg = Release|Win32
		{438B896C-18C1-48A4-A393-EBC995E2F0BA}.Release|x86.Build.0 = Release|Win32
		{1A1E5A5A-9588-415C-8BF3-1EC349B3B2FA}.Debug|x64.ActiveCfg = Debug
		{1A1E5A5A-9588-415C-8BF3-1EC349B3B2FA}.Debug|x86.ActiveCfg = Debug
		{1A1E5A5A-9588-415C-8BF3-1EC349B3B2FA}.Release|x64.ActiveCfg = Release
		{1A1E5A5A-9588-415C-8BF3-1EC349B3B2FA}.Release|x86.ActiveCfg = Release
	EndGlobalSection
	GlobalSection(SolutionProperties) = preSolution
		HideSolutionNode = FALSE
	EndGlobalSection
	GlobalSection(ExtensibilityGlobals) = postSolution
		SolutionGuid = {55329E4E-1514-4890-AF20-5ED9E8E6D03E}
	EndGlobalSection
EndGlobal
